# This file is automatically @generated by Cargo.
# It is not intended for manual editing.
[[package]]
name = "04"
version = "0.1.0"

[[package]]
name = "_05"
version = "0.1.0"

[[package]]
name = "_06"
version = "0.1.0"

[[package]]
name = "_07"
version = "0.1.0"

[[package]]
name = "ownership-and-functions"
version = "0.1.0"

